
Microsoft Visual Studio Solution File, Format Version 12.00
# Visual Studio Version 17
VisualStudioVersion = 17.0.31903.59
MinimumVisualStudioVersion = 10.0.40219.1
Project("{2150E333-8FDC-42A3-9474-1A3956D46DE8}") = "src", "src", "{827E0CD3-B72D-47B6-A68D-7590B98EB39B}"
EndProject
Project("{FAE04EC0-301F-11D3-BF4B-00C04F79EFBC}") = "RedisBus", "src\RedisBus\RedisBus.csproj", "{199C1D7E-55E2-4D7B-85EC-AEAFA093203C}"
EndProject
Project("{FAE04EC0-301F-11D3-BF4B-00C04F79EFBC}") = "RedisBus.UnitTests", "tests\RedisBus.UnitTests\RedisBus.UnitTests.csproj", "{0C4C6D8C-F96A-4C3B-8F53-CAD26F3B2A5E}"
EndProject
Project("{FAE04EC0-301F-11D3-BF4B-00C04F79EFBC}") = "RedisBus.IntegrationTests", "tests\RedisBus.IntegrationTests\RedisBus.IntegrationTests.csproj", "{148E13FE-2BD6-4DB1-BB39-DC4B213624EA}"
EndProject
Project("{FAE04EC0-301F-11D3-BF4B-00C04F79EFBC}") = "Contracts", "src\Contracts\Contracts.csproj", "{A5D5DFE6-025D-41AE-B127-7568ABD8F9CA}"
EndProject
Project("{FAE04EC0-301F-11D3-BF4B-00C04F79EFBC}") = "SensorService", "src\SensorService\SensorService.csproj", "{119C192A-11DB-4F10-A21F-BF71C1E08DCC}"
EndProject
Project("{FAE04EC0-301F-11D3-BF4B-00C04F79EFBC}") = "TelemetryAggregator", "src\TelemetryAggregator\TelemetryAggregator.csproj", "{CFF3CFFE-60EC-4DEB-A065-16B64F467988}"
EndProject
Project("{FAE04EC0-301F-11D3-BF4B-00C04F79EFBC}") = "BuildingService", "src\BuildingService\BuildingService.csproj", "{C42D5355-181A-4E87-8517-2DBB87E5D3D8}"
EndProject
Project("{FAE04EC0-301F-11D3-BF4B-00C04F79EFBC}") = "ControlService", "src\ControlService\ControlService.csproj", "{C05A7C90-1173-4F7E-AE78-9B635C682569}"
EndProject
Project("{FAE04EC0-301F-11D3-BF4B-00C04F79EFBC}") = "ActuatorService", "src\ActuatorService\ActuatorService.csproj", "{987B5C7E-CDCD-4AF1-B39D-9E6BBB1243F0}"
EndProject
Project("{FAE04EC0-301F-11D3-BF4B-00C04F79EFBC}") = "BffService", "src\BffService\BffService.csproj", "{9C12B9DB-07DA-4FA3-971A-297539BBBF06}"
EndProject
Project("{2150E333-8FDC-42A3-9474-1A3956D46DE8}") = "tests", "tests", "{0AB3BF05-4346-4AA6-1389-037BE0695223}"
EndProject
Project("{FAE04EC0-301F-11D3-BF4B-00C04F79EFBC}") = "BffService.UnitTests", "tests\BffService.UnitTests\BffService.UnitTests.csproj", "{1D04AB7F-CEB8-46D0-ADA6-9B5F4B073F1E}"
EndProject
Global
	GlobalSection(SolutionConfigurationPlatforms) = preSolution
		Debug|Any CPU = Debug|Any CPU
		Debug|x64 = Debug|x64
		Debug|x86 = Debug|x86
		Release|Any CPU = Release|Any CPU
		Release|x64 = Release|x64
		Release|x86 = Release|x86
	EndGlobalSection
	GlobalSection(ProjectConfigurationPlatforms) = postSolution
		{199C1D7E-55E2-4D7B-85EC-AEAFA093203C}.Debug|Any CPU.ActiveCfg = Debug|Any CPU
		{199C1D7E-55E2-4D7B-85EC-AEAFA093203C}.Debug|Any CPU.Build.0 = Debug|Any CPU
		{199C1D7E-55E2-4D7B-85EC-AEAFA093203C}.Debug|x64.ActiveCfg = Debug|Any CPU
		{199C1D7E-55E2-4D7B-85EC-AEAFA093203C}.Debug|x64.Build.0 = Debug|Any CPU
		{199C1D7E-55E2-4D7B-85EC-AEAFA093203C}.Debug|x86.ActiveCfg = Debug|Any CPU
		{199C1D7E-55E2-4D7B-85EC-AEAFA093203C}.Debug|x86.Build.0 = Debug|Any CPU
		{199C1D7E-55E2-4D7B-85EC-AEAFA093203C}.Release|Any CPU.ActiveCfg = Release|Any CPU
		{199C1D7E-55E2-4D7B-85EC-AEAFA093203C}.Release|Any CPU.Build.0 = Release|Any CPU
		{199C1D7E-55E2-4D7B-85EC-AEAFA093203C}.Release|x64.ActiveCfg = Release|Any CPU
		{199C1D7E-55E2-4D7B-85EC-AEAFA093203C}.Release|x64.Build.0 = Release|Any CPU
		{199C1D7E-55E2-4D7B-85EC-AEAFA093203C}.Release|x86.ActiveCfg = Release|Any CPU
		{199C1D7E-55E2-4D7B-85EC-AEAFA093203C}.Release|x86.Build.0 = Release|Any CPU
		{0C4C6D8C-F96A-4C3B-8F53-CAD26F3B2A5E}.Debug|Any CPU.ActiveCfg = Debug|Any CPU
		{0C4C6D8C-F96A-4C3B-8F53-CAD26F3B2A5E}.Debug|Any CPU.Build.0 = Debug|Any CPU
		{0C4C6D8C-F96A-4C3B-8F53-CAD26F3B2A5E}.Debug|x64.ActiveCfg = Debug|Any CPU
		{0C4C6D8C-F96A-4C3B-8F53-CAD26F3B2A5E}.Debug|x64.Build.0 = Debug|Any CPU
		{0C4C6D8C-F96A-4C3B-8F53-CAD26F3B2A5E}.Debug|x86.ActiveCfg = Debug|Any CPU
		{0C4C6D8C-F96A-4C3B-8F53-CAD26F3B2A5E}.Debug|x86.Build.0 = Debug|Any CPU
		{0C4C6D8C-F96A-4C3B-8F53-CAD26F3B2A5E}.Release|Any CPU.ActiveCfg = Release|Any CPU
		{0C4C6D8C-F96A-4C3B-8F53-CAD26F3B2A5E}.Release|Any CPU.Build.0 = Release|Any CPU
		{0C4C6D8C-F96A-4C3B-8F53-CAD26F3B2A5E}.Release|x64.ActiveCfg = Release|Any CPU
		{0C4C6D8C-F96A-4C3B-8F53-CAD26F3B2A5E}.Release|x64.Build.0 = Release|Any CPU
		{0C4C6D8C-F96A-4C3B-8F53-CAD26F3B2A5E}.Release|x86.ActiveCfg = Release|Any CPU
		{0C4C6D8C-F96A-4C3B-8F53-CAD26F3B2A5E}.Release|x86.Build.0 = Release|Any CPU
		{148E13FE-2BD6-4DB1-BB39-DC4B213624EA}.Debug|Any CPU.ActiveCfg = Debug|Any CPU
		{148E13FE-2BD6-4DB1-BB39-DC4B213624EA}.Debug|Any CPU.Build.0 = Debug|Any CPU
		{148E13FE-2BD6-4DB1-BB39-DC4B213624EA}.Debug|x64.ActiveCfg = Debug|Any CPU
		{148E13FE-2BD6-4DB1-BB39-DC4B213624EA}.Debug|x64.Build.0 = Debug|Any CPU
		{148E13FE-2BD6-4DB1-BB39-DC4B213624EA}.Debug|x86.ActiveCfg = Debug|Any CPU
		{148E13FE-2BD6-4DB1-BB39-DC4B213624EA}.Debug|x86.Build.0 = Debug|Any CPU
		{148E13FE-2BD6-4DB1-BB39-DC4B213624EA}.Release|Any CPU.ActiveCfg = Release|Any CPU
		{148E13FE-2BD6-4DB1-BB39-DC4B213624EA}.Release|Any CPU.Build.0 = Release|Any CPU
		{148E13FE-2BD6-4DB1-BB39-DC4B213624EA}.Release|x64.ActiveCfg = Release|Any CPU
		{148E13FE-2BD6-4DB1-BB39-DC4B213624EA}.Release|x64.Build.0 = Release|Any CPU
		{148E13FE-2BD6-4DB1-BB39-DC4B213624EA}.Release|x86.ActiveCfg = Release|Any CPU
		{148E13FE-2BD6-4DB1-BB39-DC4B213624EA}.Release|x86.Build.0 = Release|Any CPU
		{A5D5DFE6-025D-41AE-B127-7568ABD8F9CA}.Debug|Any CPU.ActiveCfg = Debug|Any CPU
		{A5D5DFE6-025D-41AE-B127-7568ABD8F9CA}.Debug|Any CPU.Build.0 = Debug|Any CPU
		{A5D5DFE6-025D-41AE-B127-7568ABD8F9CA}.Debug|x64.ActiveCfg = Debug|Any CPU
		{A5D5DFE6-025D-41AE-B127-7568ABD8F9CA}.Debug|x64.Build.0 = Debug|Any CPU
		{A5D5DFE6-025D-41AE-B127-7568ABD8F9CA}.Debug|x86.ActiveCfg = Debug|Any CPU
		{A5D5DFE6-025D-41AE-B127-7568ABD8F9CA}.Debug|x86.Build.0 = Debug|Any CPU
		{A5D5DFE6-025D-41AE-B127-7568ABD8F9CA}.Release|Any CPU.ActiveCfg = Release|Any CPU
		{A5D5DFE6-025D-41AE-B127-7568ABD8F9CA}.Release|Any CPU.Build.0 = Release|Any CPU
		{A5D5DFE6-025D-41AE-B127-7568ABD8F9CA}.Release|x64.ActiveCfg = Release|Any CPU
		{A5D5DFE6-025D-41AE-B127-7568ABD8F9CA}.Release|x64.Build.0 = Release|Any CPU
		{A5D5DFE6-025D-41AE-B127-7568ABD8F9CA}.Release|x86.ActiveCfg = Release|Any CPU
		{A5D5DFE6-025D-41AE-B127-7568ABD8F9CA}.Release|x86.Build.0 = Release|Any CPU
		{119C192A-11DB-4F10-A21F-BF71C1E08DCC}.Debug|Any CPU.ActiveCfg = Debug|Any CPU
		{119C192A-11DB-4F10-A21F-BF71C1E08DCC}.Debug|Any CPU.Build.0 = Debug|Any CPU
		{119C192A-11DB-4F10-A21F-BF71C1E08DCC}.Debug|x64.ActiveCfg = Debug|Any CPU
		{119C192A-11DB-4F10-A21F-BF71C1E08DCC}.Debug|x64.Build.0 = Debug|Any CPU
		{119C192A-11DB-4F10-A21F-BF71C1E08DCC}.Debug|x86.ActiveCfg = Debug|Any CPU
		{119C192A-11DB-4F10-A21F-BF71C1E08DCC}.Debug|x86.Build.0 = Debug|Any CPU
		{119C192A-11DB-4F10-A21F-BF71C1E08DCC}.Release|Any CPU.ActiveCfg = Release|Any CPU
		{119C192A-11DB-4F10-A21F-BF71C1E08DCC}.Release|Any CPU.Build.0 = Release|Any CPU
		{119C192A-11DB-4F10-A21F-BF71C1E08DCC}.Release|x64.ActiveCfg = Release|Any CPU
		{119C192A-11DB-4F10-A21F-BF71C1E08DCC}.Release|x64.Build.0 = Release|Any CPU
		{119C192A-11DB-4F10-A21F-BF71C1E08DCC}.Release|x86.ActiveCfg = Release|Any CPU
		{119C192A-11DB-4F10-A21F-BF71C1E08DCC}.Release|x86.Build.0 = Release|Any CPU
		{CFF3CFFE-60EC-4DEB-A065-16B64F467988}.Debug|Any CPU.ActiveCfg = Debug|Any CPU
		{CFF3CFFE-60EC-4DEB-A065-16B64F467988}.Debug|Any CPU.Build.0 = Debug|Any CPU
		{CFF3CFFE-60EC-4DEB-A065-16B64F467988}.Debug|x64.ActiveCfg = Debug|Any CPU
		{CFF3CFFE-60EC-4DEB-A065-16B64F467988}.Debug|x64.Build.0 = Debug|Any CPU
		{CFF3CFFE-60EC-4DEB-A065-16B64F467988}.Debug|x86.ActiveCfg = Debug|Any CPU
		{CFF3CFFE-60EC-4DEB-A065-16B64F467988}.Debug|x86.Build.0 = Debug|Any CPU
		{CFF3CFFE-60EC-4DEB-A065-16B64F467988}.Release|Any CPU.ActiveCfg = Release|Any CPU
		{CFF3CFFE-60EC-4DEB-A065-16B64F467988}.Release|Any CPU.Build.0 = Release|Any CPU
		{CFF3CFFE-60EC-4DEB-A065-16B64F467988}.Release|x64.ActiveCfg = Release|Any CPU
		{CFF3CFFE-60EC-4DEB-A065-16B64F467988}.Release|x64.Build.0 = Release|Any CPU
		{CFF3CFFE-60EC-4DEB-A065-16B64F467988}.Release|x86.ActiveCfg = Release|Any CPU
		{CFF3CFFE-60EC-4DEB-A065-16B64F467988}.Release|x86.Build.0 = Release|Any CPU
		{C42D5355-181A-4E87-8517-2DBB87E5D3D8}.Debug|Any CPU.ActiveCfg = Debug|Any CPU
		{C42D5355-181A-4E87-8517-2DBB87E5D3D8}.Debug|Any CPU.Build.0 = Debug|Any CPU
		{C42D5355-181A-4E87-8517-2DBB87E5D3D8}.Debug|x64.ActiveCfg = Debug|Any CPU
		{C42D5355-181A-4E87-8517-2DBB87E5D3D8}.Debug|x64.Build.0 = Debug|Any CPU
		{C42D5355-181A-4E87-8517-2DBB87E5D3D8}.Debug|x86.ActiveCfg = Debug|Any CPU
		{C42D5355-181A-4E87-8517-2DBB87E5D3D8}.Debug|x86.Build.0 = Debug|Any CPU
		{C42D5355-181A-4E87-8517-2DBB87E5D3D8}.Release|Any CPU.ActiveCfg = Release|Any CPU
		{C42D5355-181A-4E87-8517-2DBB87E5D3D8}.Release|Any CPU.Build.0 = Release|Any CPU
		{C42D5355-181A-4E87-8517-2DBB87E5D3D8}.Release|x64.ActiveCfg = Release|Any CPU
		{C42D5355-181A-4E87-8517-2DBB87E5D3D8}.Release|x64.Build.0 = Release|Any CPU
		{C42D5355-181A-4E87-8517-2DBB87E5D3D8}.Release|x86.ActiveCfg = Release|Any CPU
		{C42D5355-181A-4E87-8517-2DBB87E5D3D8}.Release|x86.Build.0 = Release|Any CPU
		{C05A7C90-1173-4F7E-AE78-9B635C682569}.Debug|Any CPU.ActiveCfg = Debug|Any CPU
		{C05A7C90-1173-4F7E-AE78-9B635C682569}.Debug|Any CPU.Build.0 = Debug|Any CPU
		{C05A7C90-1173-4F7E-AE78-9B635C682569}.Debug|x64.ActiveCfg = Debug|Any CPU
		{C05A7C90-1173-4F7E-AE78-9B635C682569}.Debug|x64.Build.0 = Debug|Any CPU
		{C05A7C90-1173-4F7E-AE78-9B635C682569}.Debug|x86.ActiveCfg = Debug|Any CPU
		{C05A7C90-1173-4F7E-AE78-9B635C682569}.Debug|x86.Build.0 = Debug|Any CPU
		{C05A7C90-1173-4F7E-AE78-9B635C682569}.Release|Any CPU.ActiveCfg = Release|Any CPU
		{C05A7C90-1173-4F7E-AE78-9B635C682569}.Release|Any CPU.Build.0 = Release|Any CPU
		{C05A7C90-1173-4F7E-AE78-9B635C682569}.Release|x64.ActiveCfg = Release|Any CPU
		{C05A7C90-1173-4F7E-AE78-9B635C682569}.Release|x64.Build.0 = Release|Any CPU
		{C05A7C90-1173-4F7E-AE78-9B635C682569}.Release|x86.ActiveCfg = Release|Any CPU
		{C05A7C90-1173-4F7E-AE78-9B635C682569}.Release|x86.Build.0 = Release|Any CPU
		{987B5C7E-CDCD-4AF1-B39D-9E6BBB1243F0}.Debug|Any CPU.ActiveCfg = Debug|Any CPU
		{987B5C7E-CDCD-4AF1-B39D-9E6BBB1243F0}.Debug|Any CPU.Build.0 = Debug|Any CPU
		{987B5C7E-CDCD-4AF1-B39D-9E6BBB1243F0}.Debug|x64.ActiveCfg = Debug|Any CPU
		{987B5C7E-CDCD-4AF1-B39D-9E6BBB1243F0}.Debug|x64.Build.0 = Debug|Any CPU
		{987B5C7E-CDCD-4AF1-B39D-9E6BBB1243F0}.Debug|x86.ActiveCfg = Debug|Any CPU
		{987B5C7E-CDCD-4AF1-B39D-9E6BBB1243F0}.Debug|x86.Build.0 = Debug|Any CPU
		{987B5C7E-CDCD-4AF1-B39D-9E6BBB1243F0}.Release|Any CPU.ActiveCfg = Release|Any CPU
		{987B5C7E-CDCD-4AF1-B39D-9E6BBB1243F0}.Release|Any CPU.Build.0 = Release|Any CPU
		{987B5C7E-CDCD-4AF1-B39D-9E6BBB1243F0}.Release|x64.ActiveCfg = Release|Any CPU
		{987B5C7E-CDCD-4AF1-B39D-9E6BBB1243F0}.Release|x64.Build.0 = Release|Any CPU
		{987B5C7E-CDCD-4AF1-B39D-9E6BBB1243F0}.Release|x86.ActiveCfg = Release|Any CPU
		{987B5C7E-CDCD-4AF1-B39D-9E6BBB1243F0}.Release|x86.Build.0 = Release|Any CPU
		{9C12B9DB-07DA-4FA3-971A-297539BBBF06}.Debug|Any CPU.ActiveCfg = Debug|Any CPU
		{9C12B9DB-07DA-4FA3-971A-297539BBBF06}.Debug|Any CPU.Build.0 = Debug|Any CPU
		{9C12B9DB-07DA-4FA3-971A-297539BBBF06}.Debug|x64.ActiveCfg = Debug|Any CPU
		{9C12B9DB-07DA-4FA3-971A-297539BBBF06}.Debug|x64.Build.0 = Debug|Any CPU
		{9C12B9DB-07DA-4FA3-971A-297539BBBF06}.Debug|x86.ActiveCfg = Debug|Any CPU
		{9C12B9DB-07DA-4FA3-971A-297539BBBF06}.Debug|x86.Build.0 = Debug|Any CPU
		{9C12B9DB-07DA-4FA3-971A-297539BBBF06}.Release|Any CPU.ActiveCfg = Release|Any CPU
		{9C12B9DB-07DA-4FA3-971A-297539BBBF06}.Release|Any CPU.Build.0 = Release|Any CPU
		{9C12B9DB-07DA-4FA3-971A-297539BBBF06}.Release|x64.ActiveCfg = Release|Any CPU
		{9C12B9DB-07DA-4FA3-971A-297539BBBF06}.Release|x64.Build.0 = Release|Any CPU
		{9C12B9DB-07DA-4FA3-971A-297539BBBF06}.Release|x86.ActiveCfg = Release|Any CPU
		{9C12B9DB-07DA-4FA3-971A-297539BBBF06}.Release|x86.Build.0 = Release|Any CPU
		{1D04AB7F-CEB8-46D0-ADA6-9B5F4B073F1E}.Debug|Any CPU.ActiveCfg = Debug|Any CPU
		{1D04AB7F-CEB8-46D0-ADA6-9B5F4B073F1E}.Debug|Any CPU.Build.0 = Debug|Any CPU
		{1D04AB7F-CEB8-46D0-ADA6-9B5F4B073F1E}.Debug|x64.ActiveCfg = Debug|Any CPU
		{1D04AB7F-CEB8-46D0-ADA6-9B5F4B073F1E}.Debug|x64.Build.0 = Debug|Any CPU
		{1D04AB7F-CEB8-46D0-ADA6-9B5F4B073F1E}.Debug|x86.ActiveCfg = Debug|Any CPU
		{1D04AB7F-CEB8-46D0-ADA6-9B5F4B073F1E}.Debug|x86.Build.0 = Debug|Any CPU
		{1D04AB7F-CEB8-46D0-ADA6-9B5F4B073F1E}.Release|Any CPU.ActiveCfg = Release|Any CPU
		{1D04AB7F-CEB8-46D0-ADA6-9B5F4B073F1E}.Release|Any CPU.Build.0 = Release|Any CPU
		{1D04AB7F-CEB8-46D0-ADA6-9B5F4B073F1E}.Release|x64.ActiveCfg = Release|Any CPU
		{1D04AB7F-CEB8-46D0-ADA6-9B5F4B073F1E}.Release|x64.Build.0 = Release|Any CPU
		{1D04AB7F-CEB8-46D0-ADA6-9B5F4B073F1E}.Release|x86.ActiveCfg = Release|Any CPU
		{1D04AB7F-CEB8-46D0-ADA6-9B5F4B073F1E}.Release|x86.Build.0 = Release|Any CPU
	EndGlobalSection
	GlobalSection(SolutionProperties) = preSolution
		HideSolutionNode = FALSE
	EndGlobalSection
	GlobalSection(NestedProjects) = preSolution
		{199C1D7E-55E2-4D7B-85EC-AEAFA093203C} = {827E0CD3-B72D-47B6-A68D-7590B98EB39B}
		{0C4C6D8C-F96A-4C3B-8F53-CAD26F3B2A5E} = {827E0CD3-B72D-47B6-A68D-7590B98EB39B}
		{148E13FE-2BD6-4DB1-BB39-DC4B213624EA} = {827E0CD3-B72D-47B6-A68D-7590B98EB39B}
		{A5D5DFE6-025D-41AE-B127-7568ABD8F9CA} = {827E0CD3-B72D-47B6-A68D-7590B98EB39B}
		{119C192A-11DB-4F10-A21F-BF71C1E08DCC} = {827E0CD3-B72D-47B6-A68D-7590B98EB39B}
		{CFF3CFFE-60EC-4DEB-A065-16B64F467988} = {827E0CD3-B72D-47B6-A68D-7590B98EB39B}
		{C42D5355-181A-4E87-8517-2DBB87E5D3D8} = {827E0CD3-B72D-47B6-A68D-7590B98EB39B}
		{C05A7C90-1173-4F7E-AE78-9B635C682569} = {827E0CD3-B72D-47B6-A68D-7590B98EB39B}
		{987B5C7E-CDCD-4AF1-B39D-9E6BBB1243F0} = {827E0CD3-B72D-47B6-A68D-7590B98EB39B}
		{9C12B9DB-07DA-4FA3-971A-297539BBBF06} = {827E0CD3-B72D-47B6-A68D-7590B98EB39B}
		{1D04AB7F-CEB8-46D0-ADA6-9B5F4B073F1E} = {0AB3BF05-4346-4AA6-1389-037BE0695223}
	EndGlobalSection
EndGlobal
